
Microsoft Visual Studio Solution File, Format Version 11.00
# Visual C# Express 2010
Project("{FAE04EC0-301F-11D3-BF4B-00C04F79EFBC}") = "Hotd3Arcade_Launcher", "Hotd3Arcade_Launcher\Hotd3Arcade_Launcher.csproj", "{5D726FF6-B1A8-43C7-BEE8-EFC9E1E88DE0}"
EndProject
Project("{FAE04EC0-301F-11D3-BF4B-00C04F79EFBC}") = "Hotd3Arcade_Config", "Hotd3Arcade_Config\Hotd3Arcade_Config.csproj", "{8291ADFE-BCF4-423B-AC8D-5F1F0953B08D}"
EndProject
Global
	GlobalSection(SolutionConfigurationPlatforms) = preSolution
		Debug|x86 = Debug|x86
		Release|x86 = Release|x86
	EndGlobalSection
	GlobalSection(ProjectConfigurationPlatforms) = postSolution
		{5D726FF6-B1A8-43C7-BEE8-EFC9E1E88DE0}.Debug|x86.ActiveCfg = Debug|x86
		{5D726FF6-B1A8-43C7-BEE8-EFC9E1E88DE0}.Debug|x86.Build.0 = Debug|x86
		{5D726FF6-B1A8-43C7-BEE8-EFC9E1E88DE0}.Release|x86.ActiveCfg = Release|x86
		{5D726FF6-B1A8-43C7-BEE8-EFC9E1E88DE0}.Release|x86.Build.0 = Release|x86
		{8291ADFE-BCF4-423B-AC8D-5F1F0953B08D}.Debug|x86.ActiveCfg = Debug|x86
		{8291ADFE-BCF4-423B-AC8D-5F1F0953B08D}.Debug|x86.Build.0 = Debug|x86
		{8291ADFE-BCF4-423B-AC8D-5F1F0953B08D}.Release|x86.ActiveCfg = Release|x86
		{8291ADFE-BCF4-423B-AC8D-5F1F0953B08D}.Release|x86.Build.0 = Release|x86
	EndGlobalSection
	GlobalSection(SolutionProperties) = preSolution
		HideSolutionNode = FALSE
	EndGlobalSection
EndGlobal
